
Microsoft Visual Studio Solution File, Format Version 12.00
# Visual Studio Version 16
VisualStudioVersion = 16.0.30503.244
MinimumVisualStudioVersion = 10.0.40219.1
Project("{FAE04EC0-301F-11D3-BF4B-00C04F79EFBC}") = "Course1", "Course1\Course1.csproj", "{A991A3A1-D0C2-4B55-BC26-A8872641079F}"
EndProject
Project("{FAE04EC0-301F-11D3-BF4B-00C04F79EFBC}") = "Course1Model", "Course1Model\Course1Model.csproj", "{8B491A01-4777-4998-AA33-69712B2D3551}"
EndProject
Project("{2150E333-8FDC-42A3-9474-1A3956D46DE8}") = "Course1", "Course1", "{9505634A-C471-41C4-AF90-248F6277810B}"
EndProject
Project("{2150E333-8FDC-42A3-9474-1A3956D46DE8}") = "Course2", "Course2", "{3C8E1210-2088-4DD2-AA41-5255CC730163}"
EndProject
Project("{9A19103F-16F7-4668-BE54-9A1E7A4F7556}") = "Course02.API", "Course02.API\Course02.API.csproj", "{84D0C798-4337-45BB-83FC-9E9C751A4268}"
EndProject
Project("{9A19103F-16F7-4668-BE54-9A1E7A4F7556}") = "Course2.Model", "Course2.Model\Course2.Model.csproj", "{F2570161-CC80-4F69-9240-64BBD17146C9}"
EndProject
Project("{9A19103F-16F7-4668-BE54-9A1E7A4F7556}") = "Course02.MVC", "Course02.MVC\Course02.MVC.csproj", "{FED53AC9-E08F-4944-A83D-849DB913268F}"
EndProject
Project("{9A19103F-16F7-4668-BE54-9A1E7A4F7556}") = "Cource02.FactoryModel", "Cource02.FactoryModel\Cource02.FactoryModel.csproj", "{02A783AA-098B-4805-A98F-3EBE314432F7}"
EndProject
Project("{2150E333-8FDC-42A3-9474-1A3956D46DE8}") = "Course03", "Course03", "{AF22E32C-E1FB-4C4B-948C-29A01216A95F}"
EndProject
Project("{9A19103F-16F7-4668-BE54-9A1E7A4F7556}") = "Couese03.Api", "Couese03.Api\Couese03.Api.csproj", "{1382B2A9-6372-4A88-BFA8-49ED654DD645}"
EndProject
Project("{9A19103F-16F7-4668-BE54-9A1E7A4F7556}") = "Course03.Model", "Course03.Model\Course03.Model.csproj", "{9868BE70-57EC-4075-A8DF-821C9D1EA226}"
EndProject
Project("{2150E333-8FDC-42A3-9474-1A3956D46DE8}") = "Course4", "Course4", "{E7FDE26C-1B45-41FF-AFE3-4687E72B3493}"
EndProject
Project("{9A19103F-16F7-4668-BE54-9A1E7A4F7556}") = "Course04.WebApi", "Course04.WebApi\Course04.WebApi.csproj", "{63B5E18A-42E2-42D2-9934-1F6B74800A53}"
EndProject
Project("{9A19103F-16F7-4668-BE54-9A1E7A4F7556}") = "Course04.Model", "Course04.Model\Course04.Model.csproj", "{D77B2123-AE4C-4E1E-ABDF-2372398FE0B7}"
EndProject
Project("{FAE04EC0-301F-11D3-BF4B-00C04F79EFBC}") = "winForm01", "winForm01\winForm01.csproj", "{ADA274B9-30E9-4FA8-8CD9-292FFB036E5F}"
EndProject
Global
	GlobalSection(SolutionConfigurationPlatforms) = preSolution
		Debug|Any CPU = Debug|Any CPU
		Release|Any CPU = Release|Any CPU
	EndGlobalSection
	GlobalSection(ProjectConfigurationPlatforms) = postSolution
		{A991A3A1-D0C2-4B55-BC26-A8872641079F}.Debug|Any CPU.ActiveCfg = Debug|Any CPU
		{A991A3A1-D0C2-4B55-BC26-A8872641079F}.Debug|Any CPU.Build.0 = Debug|Any CPU
		{A991A3A1-D0C2-4B55-BC26-A8872641079F}.Release|Any CPU.ActiveCfg = Release|Any CPU
		{A991A3A1-D0C2-4B55-BC26-A8872641079F}.Release|Any CPU.Build.0 = Release|Any CPU
		{8B491A01-4777-4998-AA33-69712B2D3551}.Debug|Any CPU.ActiveCfg = Debug|Any CPU
		{8B491A01-4777-4998-AA33-69712B2D3551}.Debug|Any CPU.Build.0 = Debug|Any CPU
		{8B491A01-4777-4998-AA33-69712B2D3551}.Release|Any CPU.ActiveCfg = Release|Any CPU
		{8B491A01-4777-4998-AA33-69712B2D3551}.Release|Any CPU.Build.0 = Release|Any CPU
		{84D0C798-4337-45BB-83FC-9E9C751A4268}.Debug|Any CPU.ActiveCfg = Debug|Any CPU
		{84D0C798-4337-45BB-83FC-9E9C751A4268}.Debug|Any CPU.Build.0 = Debug|Any CPU
		{84D0C798-4337-45BB-83FC-9E9C751A4268}.Release|Any CPU.ActiveCfg = Release|Any CPU
		{84D0C798-4337-45BB-83FC-9E9C751A4268}.Release|Any CPU.Build.0 = Release|Any CPU
		{F2570161-CC80-4F69-9240-64BBD17146C9}.Debug|Any CPU.ActiveCfg = Debug|Any CPU
		{F2570161-CC80-4F69-9240-64BBD17146C9}.Debug|Any CPU.Build.0 = Debug|Any CPU
		{F2570161-CC80-4F69-9240-64BBD17146C9}.Release|Any CPU.ActiveCfg = Release|Any CPU
		{F2570161-CC80-4F69-9240-64BBD17146C9}.Release|Any CPU.Build.0 = Release|Any CPU
		{FED53AC9-E08F-4944-A83D-849DB913268F}.Debug|Any CPU.ActiveCfg = Debug|Any CPU
		{FED53AC9-E08F-4944-A83D-849DB913268F}.Debug|Any CPU.Build.0 = Debug|Any CPU
		{FED53AC9-E08F-4944-A83D-849DB913268F}.Release|Any CPU.ActiveCfg = Release|Any CPU
		{FED53AC9-E08F-4944-A83D-849DB913268F}.Release|Any CPU.Build.0 = Release|Any CPU
		{02A783AA-098B-4805-A98F-3EBE314432F7}.Debug|Any CPU.ActiveCfg = Debug|Any CPU
		{02A783AA-098B-4805-A98F-3EBE314432F7}.Debug|Any CPU.Build.0 = Debug|Any CPU
		{02A783AA-098B-4805-A98F-3EBE314432F7}.Release|Any CPU.ActiveCfg = Release|Any CPU
		{02A783AA-098B-4805-A98F-3EBE314432F7}.Release|Any CPU.Build.0 = Release|Any CPU
		{1382B2A9-6372-4A88-BFA8-49ED654DD645}.Debug|Any CPU.ActiveCfg = Debug|Any CPU
		{1382B2A9-6372-4A88-BFA8-49ED654DD645}.Debug|Any CPU.Build.0 = Debug|Any CPU
		{1382B2A9-6372-4A88-BFA8-49ED654DD645}.Release|Any CPU.ActiveCfg = Release|Any CPU
		{1382B2A9-6372-4A88-BFA8-49ED654DD645}.Release|Any CPU.Build.0 = Release|Any CPU
		{9868BE70-57EC-4075-A8DF-821C9D1EA226}.Debug|Any CPU.ActiveCfg = Debug|Any CPU
		{9868BE70-57EC-4075-A8DF-821C9D1EA226}.Debug|Any CPU.Build.0 = Debug|Any CPU
		{9868BE70-57EC-4075-A8DF-821C9D1EA226}.Release|Any CPU.ActiveCfg = Release|Any CPU
		{9868BE70-57EC-4075-A8DF-821C9D1EA226}.Release|Any CPU.Build.0 = Release|Any CPU
		{63B5E18A-42E2-42D2-9934-1F6B74800A53}.Debug|Any CPU.ActiveCfg = Debug|Any CPU
		{63B5E18A-42E2-42D2-9934-1F6B74800A53}.Debug|Any CPU.Build.0 = Debug|Any CPU
		{63B5E18A-42E2-42D2-9934-1F6B74800A53}.Release|Any CPU.ActiveCfg = Release|Any CPU
		{63B5E18A-42E2-42D2-9934-1F6B74800A53}.Release|Any CPU.Build.0 = Release|Any CPU
		{D77B2123-AE4C-4E1E-ABDF-2372398FE0B7}.Debug|Any CPU.ActiveCfg = Debug|Any CPU
		{D77B2123-AE4C-4E1E-ABDF-2372398FE0B7}.Debug|Any CPU.Build.0 = Debug|Any CPU
		{D77B2123-AE4C-4E1E-ABDF-2372398FE0B7}.Release|Any CPU.ActiveCfg = Release|Any CPU
		{D77B2123-AE4C-4E1E-ABDF-2372398FE0B7}.Release|Any CPU.Build.0 = Release|Any CPU
		{ADA274B9-30E9-4FA8-8CD9-292FFB036E5F}.Debug|Any CPU.ActiveCfg = Debug|Any CPU
		{ADA274B9-30E9-4FA8-8CD9-292FFB036E5F}.Debug|Any CPU.Build.0 = Debug|Any CPU
		{ADA274B9-30E9-4FA8-8CD9-292FFB036E5F}.Release|Any CPU.ActiveCfg = Release|Any CPU
		{ADA274B9-30E9-4FA8-8CD9-292FFB036E5F}.Release|Any CPU.Build.0 = Release|Any CPU
	EndGlobalSection
	GlobalSection(SolutionProperties) = preSolution
		HideSolutionNode = FALSE
	EndGlobalSection
	GlobalSection(NestedProjects) = preSolution
		{A991A3A1-D0C2-4B55-BC26-A8872641079F} = {9505634A-C471-41C4-AF90-248F6277810B}
		{8B491A01-4777-4998-AA33-69712B2D3551} = {9505634A-C471-41C4-AF90-248F6277810B}
		{84D0C798-4337-45BB-83FC-9E9C751A4268} = {3C8E1210-2088-4DD2-AA41-5255CC730163}
		{F2570161-CC80-4F69-9240-64BBD17146C9} = {3C8E1210-2088-4DD2-AA41-5255CC730163}
		{FED53AC9-E08F-4944-A83D-849DB913268F} = {3C8E1210-2088-4DD2-AA41-5255CC730163}
		{02A783AA-098B-4805-A98F-3EBE314432F7} = {3C8E1210-2088-4DD2-AA41-5255CC730163}
		{1382B2A9-6372-4A88-BFA8-49ED654DD645} = {AF22E32C-E1FB-4C4B-948C-29A01216A95F}
		{9868BE70-57EC-4075-A8DF-821C9D1EA226} = {AF22E32C-E1FB-4C4B-948C-29A01216A95F}
		{63B5E18A-42E2-42D2-9934-1F6B74800A53} = {E7FDE26C-1B45-41FF-AFE3-4687E72B3493}
		{D77B2123-AE4C-4E1E-ABDF-2372398FE0B7} = {E7FDE26C-1B45-41FF-AFE3-4687E72B3493}
		{ADA274B9-30E9-4FA8-8CD9-292FFB036E5F} = {E7FDE26C-1B45-41FF-AFE3-4687E72B3493}
	EndGlobalSection
	GlobalSection(ExtensibilityGlobals) = postSolution
		SolutionGuid = {E602CCFD-2351-4E72-80B5-1FBD3B12238B}
	EndGlobalSection
EndGlobal
